
Microsoft Visual Studio Solution File, Format Version 12.00
# Visual Studio Version 17
VisualStudioVersion = 17.4.33122.133
MinimumVisualStudioVersion = 10.0.40219.1
Project("{9A19103F-16F7-4668-BE54-9A1E7A4F7556}") = "MvcMovie", "MvcMovie\MvcMovie.csproj", "{C3EDFEB5-9738-4FB9-ABF8-770C863CBE86}"
EndProject
Project("{2150E333-8FDC-42A3-9474-1A3956D46DE8}") = "DevExtreme NuGet.config", "DevExtreme NuGet.config", "{76D9C377-DBC8-4605-8456-95A5EF4E99B7}"
	ProjectSection(SolutionItems) = preProject
		NuGet.config = NuGet.config
	EndProjectSection
EndProject
Global
	GlobalSection(SolutionConfigurationPlatforms) = preSolution
		Debug|Any CPU = Debug|Any CPU
		Release|Any CPU = Release|Any CPU
	EndGlobalSection
	GlobalSection(ProjectConfigurationPlatforms) = postSolution
		{C3EDFEB5-9738-4FB9-ABF8-770C863CBE86}.Debug|Any CPU.ActiveCfg = Debug|Any CPU
		{C3EDFEB5-9738-4FB9-ABF8-770C863CBE86}.Debug|Any CPU.Build.0 = Debug|Any CPU
		{C3EDFEB5-9738-4FB9-ABF8-770C863CBE86}.Release|Any CPU.ActiveCfg = Release|Any CPU
		{C3EDFEB5-9738-4FB9-ABF8-770C863CBE86}.Release|Any CPU.Build.0 = Release|Any CPU
	EndGlobalSection
	GlobalSection(SolutionProperties) = preSolution
		HideSolutionNode = FALSE
	EndGlobalSection
	GlobalSection(ExtensibilityGlobals) = postSolution
		SolutionGuid = {29705F39-037A-45E9-911A-8C11DBA9C003}
	EndGlobalSection
EndGlobal
